
Microsoft Visual Studio Solution File, Format Version 12.00
# Visual Studio Version 17
VisualStudioVersion = 17.11.35327.3
MinimumVisualStudioVersion = 10.0.40219.1
Project("{FAE04EC0-301F-11D3-BF4B-00C04F79EFBC}") = "IBM5D24DotNetCoreIntro", "IBM5D24DotNetCoreIntro\IBM5D24DotNetCoreIntro.csproj", "{2860267D-E6B4-48F7-B708-F4EDAD5FF721}"
EndProject
Global
	GlobalSection(SolutionConfigurationPlatforms) = preSolution
		Debug|Any CPU = Debug|Any CPU
		Release|Any CPU = Release|Any CPU
	EndGlobalSection
	GlobalSection(ProjectConfigurationPlatforms) = postSolution
		{2860267D-E6B4-48F7-B708-F4EDAD5FF721}.Debug|Any CPU.ActiveCfg = Debug|Any CPU
		{2860267D-E6B4-48F7-B708-F4EDAD5FF721}.Debug|Any CPU.Build.0 = Debug|Any CPU
		{2860267D-E6B4-48F7-B708-F4EDAD5FF721}.Release|Any CPU.ActiveCfg = Release|Any CPU
		{2860267D-E6B4-48F7-B708-F4EDAD5FF721}.Release|Any CPU.Build.0 = Release|Any CPU
	EndGlobalSection
	GlobalSection(SolutionProperties) = preSolution
		HideSolutionNode = FALSE
	EndGlobalSection
	GlobalSection(ExtensibilityGlobals) = postSolution
		SolutionGuid = {98C28B9F-CC60-48F3-AFE5-F0531B4795AE}
	EndGlobalSection
EndGlobal
